
Microsoft Visual Studio Solution File, Format Version 12.00
# Visual Studio Version 16
VisualStudioVersion = 16.0.30517.126
MinimumVisualStudioVersion = 10.0.40219.1
Project("{FAE04EC0-301F-11D3-BF4B-00C04F79EFBC}") = "FilmesApp.API", "FilmesApp.API\FilmesApp.API.csproj", "{FB7BC614-E5CD-4915-B032-636C0F0ADD28}"
EndProject
Project("{FAE04EC0-301F-11D3-BF4B-00C04F79EFBC}") = "FilmesApp.Core", "FilmesApp.Core\FilmesApp.Core.csproj", "{0F78E973-11F3-4D50-821A-6B8463A8B562}"
EndProject
Project("{FAE04EC0-301F-11D3-BF4B-00C04F79EFBC}") = "FilmesApp.Infrastructure", "FilmesApp.Infrastructure\FilmesApp.Infrastructure.csproj", "{71729750-8A28-4F5E-967E-DB3363900229}"
EndProject
Global
	GlobalSection(SolutionConfigurationPlatforms) = preSolution
		Debug|Any CPU = Debug|Any CPU
		Release|Any CPU = Release|Any CPU
	EndGlobalSection
	GlobalSection(ProjectConfigurationPlatforms) = postSolution
		{FB7BC614-E5CD-4915-B032-636C0F0ADD28}.Debug|Any CPU.ActiveCfg = Debug|Any CPU
		{FB7BC614-E5CD-4915-B032-636C0F0ADD28}.Debug|Any CPU.Build.0 = Debug|Any CPU
		{FB7BC614-E5CD-4915-B032-636C0F0ADD28}.Release|Any CPU.ActiveCfg = Release|Any CPU
		{FB7BC614-E5CD-4915-B032-636C0F0ADD28}.Release|Any CPU.Build.0 = Release|Any CPU
		{0F78E973-11F3-4D50-821A-6B8463A8B562}.Debug|Any CPU.ActiveCfg = Debug|Any CPU
		{0F78E973-11F3-4D50-821A-6B8463A8B562}.Debug|Any CPU.Build.0 = Debug|Any CPU
		{0F78E973-11F3-4D50-821A-6B8463A8B562}.Release|Any CPU.ActiveCfg = Release|Any CPU
		{0F78E973-11F3-4D50-821A-6B8463A8B562}.Release|Any CPU.Build.0 = Release|Any CPU
		{71729750-8A28-4F5E-967E-DB3363900229}.Debug|Any CPU.ActiveCfg = Debug|Any CPU
		{71729750-8A28-4F5E-967E-DB3363900229}.Debug|Any CPU.Build.0 = Debug|Any CPU
		{71729750-8A28-4F5E-967E-DB3363900229}.Release|Any CPU.ActiveCfg = Release|Any CPU
		{71729750-8A28-4F5E-967E-DB3363900229}.Release|Any CPU.Build.0 = Release|Any CPU
	EndGlobalSection
	GlobalSection(SolutionProperties) = preSolution
		HideSolutionNode = FALSE
	EndGlobalSection
	GlobalSection(ExtensibilityGlobals) = postSolution
		SolutionGuid = {8544E09F-589B-4E22-B00B-4024EAC231DD}
	EndGlobalSection
EndGlobal
